# THIS IS AN AUTOGENERATED FILE. DO NOT EDIT THIS FILE DIRECTLY.
# yarn lockfile v1


idb-keyval@^3.1.0:
  version "3.1.0"
  resolved "https://registry.yarnpkg.com/idb-keyval/-/idb-keyval-3.1.0.tgz#cce9ed320734446784d52ed398c4b075a4273f51"
  integrity sha512-iFwFN5n00KNNnVxlOOK280SJJfXWY7pbMUOQXdIXehvvc/mGCV/6T2Ae+Pk2KwAkkATDTwfMavOiDH5lrJKWXQ==
